
Microsoft Visual Studio Solution File, Format Version 12.00
# Visual Studio Version 17
VisualStudioVersion = 17.6.33815.320
MinimumVisualStudioVersion = 10.0.40219.1
Project("{FAE04EC0-301F-11D3-BF4B-00C04F79EFBC}") = "omamasaleha", "omamasaleha\omamasaleha.csproj", "{E299A044-0E05-4498-B840-E00FB3A54B2F}"
EndProject
Global
	GlobalSection(SolutionConfigurationPlatforms) = preSolution
		Debug|Any CPU = Debug|Any CPU
		Release|Any CPU = Release|Any CPU
	EndGlobalSection
	GlobalSection(ProjectConfigurationPlatforms) = postSolution
		{E299A044-0E05-4498-B840-E00FB3A54B2F}.Debug|Any CPU.ActiveCfg = Debug|Any CPU
		{E299A044-0E05-4498-B840-E00FB3A54B2F}.Debug|Any CPU.Build.0 = Debug|Any CPU
		{E299A044-0E05-4498-B840-E00FB3A54B2F}.Release|Any CPU.ActiveCfg = Release|Any CPU
		{E299A044-0E05-4498-B840-E00FB3A54B2F}.Release|Any CPU.Build.0 = Release|Any CPU
	EndGlobalSection
	GlobalSection(SolutionProperties) = preSolution
		HideSolutionNode = FALSE
	EndGlobalSection
	GlobalSection(ExtensibilityGlobals) = postSolution
		SolutionGuid = {3C42346E-D2A2-48DE-BAC5-4555F0682DE2}
	EndGlobalSection
EndGlobal
